
Microsoft Visual Studio Solution File, Format Version 12.00
# Visual Studio 2012
Project("{FAE04EC0-301F-11D3-BF4B-00C04F79EFBC}") = "Autocompletion.Core", "Autocompletion.Core\Autocompletion.Core.csproj", "{D209DD34-006C-4F36-A24F-7E508940FA8D}"
EndProject
Project("{FAE04EC0-301F-11D3-BF4B-00C04F79EFBC}") = "Autocompletion.Test", "Autocompletion.Test\Autocompletion.Test.csproj", "{9FEB14F5-5636-4D24-9EAE-55235D226AF4}"
EndProject
Project("{FAE04EC0-301F-11D3-BF4B-00C04F79EFBC}") = "Autocompletion.Interfaces", "Autocompletion.Interfaces\Autocompletion.Interfaces.csproj", "{95C10720-2F21-4D8C-BEC3-46F457535266}"
EndProject
Project("{FAE04EC0-301F-11D3-BF4B-00C04F79EFBC}") = "Autocompletion.TCP", "Autocompletion.TCP\Autocompletion.TCP.csproj", "{722E62B2-E920-4F2D-A28E-33C275A17CD8}"
EndProject
Project("{FAE04EC0-301F-11D3-BF4B-00C04F79EFBC}") = "Autocompletion.TCP.ServerEnvironment", "Autocompletion.TCP.ServerEnvironment\Autocompletion.TCP.ServerEnvironment.csproj", "{C253AC41-53DC-4F6B-91D9-0706A3DC7FBF}"
EndProject
Global
	GlobalSection(SolutionConfigurationPlatforms) = preSolution
		Debug|Any CPU = Debug|Any CPU
		Release|Any CPU = Release|Any CPU
	EndGlobalSection
	GlobalSection(ProjectConfigurationPlatforms) = postSolution
		{D209DD34-006C-4F36-A24F-7E508940FA8D}.Debug|Any CPU.ActiveCfg = Debug|Any CPU
		{D209DD34-006C-4F36-A24F-7E508940FA8D}.Debug|Any CPU.Build.0 = Debug|Any CPU
		{D209DD34-006C-4F36-A24F-7E508940FA8D}.Release|Any CPU.ActiveCfg = Release|Any CPU
		{D209DD34-006C-4F36-A24F-7E508940FA8D}.Release|Any CPU.Build.0 = Release|Any CPU
		{9FEB14F5-5636-4D24-9EAE-55235D226AF4}.Debug|Any CPU.ActiveCfg = Debug|Any CPU
		{9FEB14F5-5636-4D24-9EAE-55235D226AF4}.Debug|Any CPU.Build.0 = Debug|Any CPU
		{9FEB14F5-5636-4D24-9EAE-55235D226AF4}.Release|Any CPU.ActiveCfg = Release|Any CPU
		{9FEB14F5-5636-4D24-9EAE-55235D226AF4}.Release|Any CPU.Build.0 = Release|Any CPU
		{95C10720-2F21-4D8C-BEC3-46F457535266}.Debug|Any CPU.ActiveCfg = Debug|Any CPU
		{95C10720-2F21-4D8C-BEC3-46F457535266}.Debug|Any CPU.Build.0 = Debug|Any CPU
		{95C10720-2F21-4D8C-BEC3-46F457535266}.Release|Any CPU.ActiveCfg = Release|Any CPU
		{95C10720-2F21-4D8C-BEC3-46F457535266}.Release|Any CPU.Build.0 = Release|Any CPU
		{722E62B2-E920-4F2D-A28E-33C275A17CD8}.Debug|Any CPU.ActiveCfg = Debug|Any CPU
		{722E62B2-E920-4F2D-A28E-33C275A17CD8}.Debug|Any CPU.Build.0 = Debug|Any CPU
		{722E62B2-E920-4F2D-A28E-33C275A17CD8}.Release|Any CPU.ActiveCfg = Release|Any CPU
		{722E62B2-E920-4F2D-A28E-33C275A17CD8}.Release|Any CPU.Build.0 = Release|Any CPU
		{C253AC41-53DC-4F6B-91D9-0706A3DC7FBF}.Debug|Any CPU.ActiveCfg = Debug|Any CPU
		{C253AC41-53DC-4F6B-91D9-0706A3DC7FBF}.Debug|Any CPU.Build.0 = Debug|Any CPU
		{C253AC41-53DC-4F6B-91D9-0706A3DC7FBF}.Release|Any CPU.ActiveCfg = Release|Any CPU
		{C253AC41-53DC-4F6B-91D9-0706A3DC7FBF}.Release|Any CPU.Build.0 = Release|Any CPU
	EndGlobalSection
	GlobalSection(SolutionProperties) = preSolution
		HideSolutionNode = FALSE
	EndGlobalSection
EndGlobal
