
Microsoft Visual Studio Solution File, Format Version 12.00
# Visual Studio 2012
Project("{FAE04EC0-301F-11D3-BF4B-00C04F79EFBC}") = "Autocompletion.Core", "Autocompletion.Core\Autocompletion.Core.csproj", "{D209DD34-006C-4F36-A24F-7E508940FA8D}"
EndProject
Project("{FAE04EC0-301F-11D3-BF4B-00C04F79EFBC}") = "Autocompletion.Test", "Autocompletion.Test\Autocompletion.Test.csproj", "{9FEB14F5-5636-4D24-9EAE-55235D226AF4}"
EndProject
Global
	GlobalSection(SolutionConfigurationPlatforms) = preSolution
		Debug|Any CPU = Debug|Any CPU
		Release|Any CPU = Release|Any CPU
	EndGlobalSection
	GlobalSection(ProjectConfigurationPlatforms) = postSolution
		{D209DD34-006C-4F36-A24F-7E508940FA8D}.Debug|Any CPU.ActiveCfg = Debug|Any CPU
		{D209DD34-006C-4F36-A24F-7E508940FA8D}.Debug|Any CPU.Build.0 = Debug|Any CPU
		{D209DD34-006C-4F36-A24F-7E508940FA8D}.Release|Any CPU.ActiveCfg = Release|Any CPU
		{D209DD34-006C-4F36-A24F-7E508940FA8D}.Release|Any CPU.Build.0 = Release|Any CPU
		{9FEB14F5-5636-4D24-9EAE-55235D226AF4}.Debug|Any CPU.ActiveCfg = Debug|Any CPU
		{9FEB14F5-5636-4D24-9EAE-55235D226AF4}.Debug|Any CPU.Build.0 = Debug|Any CPU
		{9FEB14F5-5636-4D24-9EAE-55235D226AF4}.Release|Any CPU.ActiveCfg = Release|Any CPU
		{9FEB14F5-5636-4D24-9EAE-55235D226AF4}.Release|Any CPU.Build.0 = Release|Any CPU
	EndGlobalSection
	GlobalSection(SolutionProperties) = preSolution
		HideSolutionNode = FALSE
	EndGlobalSection
EndGlobal
